
Microsoft Visual Studio Solution File, Format Version 12.00
# Visual Studio Version 16
VisualStudioVersion = 16.0.30804.86
MinimumVisualStudioVersion = 10.0.40219.1
Project("{FAE04EC0-301F-11D3-BF4B-00C04F79EFBC}") = "azurecli", "azurecli\azurecli.csproj", "{1A586C50-0957-4D6D-80DF-62B0B2C76A95}"
EndProject
Global
	GlobalSection(SolutionConfigurationPlatforms) = preSolution
		Debug|Any CPU = Debug|Any CPU
		Release|Any CPU = Release|Any CPU
	EndGlobalSection
	GlobalSection(ProjectConfigurationPlatforms) = postSolution
		{1A586C50-0957-4D6D-80DF-62B0B2C76A95}.Debug|Any CPU.ActiveCfg = Debug|Any CPU
		{1A586C50-0957-4D6D-80DF-62B0B2C76A95}.Debug|Any CPU.Build.0 = Debug|Any CPU
		{1A586C50-0957-4D6D-80DF-62B0B2C76A95}.Release|Any CPU.ActiveCfg = Release|Any CPU
		{1A586C50-0957-4D6D-80DF-62B0B2C76A95}.Release|Any CPU.Build.0 = Release|Any CPU
	EndGlobalSection
	GlobalSection(SolutionProperties) = preSolution
		HideSolutionNode = FALSE
	EndGlobalSection
	GlobalSection(ExtensibilityGlobals) = postSolution
		SolutionGuid = {567EDE91-0FF6-4A39-AB19-47FF01386DEB}
	EndGlobalSection
EndGlobal
